{
	"name": "vshaxe-build",
	"version": "0.0.1",
	"lockfileVersion": 3,
	"requires": true,
	"packages": {
		"": {
			"name": "vshaxe-build",
			"version": "0.0.1",
			"hasInstallScript": true,
			"devDependencies": {
				"lix": "^17.0.0"
			},
			"engines": {
				"nadako.vshaxe": "^2.5.0",
				"vscode": "^1.31.0"
			}
		},
		"node_modules/lix": {
			"version": "17.0.0",
			"resolved": "https://registry.npmjs.org/lix/-/lix-17.0.0.tgz",
			"integrity": "sha512-+dyp6kqSDmJoeHfDKi1NmGBoZb3FQ718MO0Huy7b+TDXqg4t7UDoEuQwsPWmzvsaoVCjiwQ3BJgEdmpKax1lWQ==",
			"dev": true,
			"hasInstallScript": true,
			"license": "MIT",
			"bin": {
				"haxe": "bin/haxeshim.js",
				"haxelib": "bin/haxelibshim.js",
				"lix": "bin/lix.js",
				"neko": "bin/nekoshim.js"
			}
		}
	}
}
